
Microsoft Visual Studio Solution File, Format Version 12.00
# Visual Studio 14
VisualStudioVersion = 14.0.23107.0
MinimumVisualStudioVersion = 10.0.40219.1
Project("{FAE04EC0-301F-11D3-BF4B-00C04F79EFBC}") = "DevOps.EmptyChild", "DevOps.EmptyChild\DevOps.EmptyChild.csproj", "{2C5D3803-E43F-44E7-B40B-27C0A70D28E2}"
EndProject
Project("{FAE04EC0-301F-11D3-BF4B-00C04F79EFBC}") = "DevOps.EmptyChild.Tests", "DevOps.EmptyChild.Tests\DevOps.EmptyChild.Tests.csproj", "{D3A20E83-D243-4970-84C0-D0E4083FCC0C}"
EndProject
Global
	GlobalSection(SolutionConfigurationPlatforms) = preSolution
		Debug|Any CPU = Debug|Any CPU
		Release|Any CPU = Release|Any CPU
	EndGlobalSection
	GlobalSection(ProjectConfigurationPlatforms) = postSolution
		{2C5D3803-E43F-44E7-B40B-27C0A70D28E2}.Debug|Any CPU.ActiveCfg = Debug|Any CPU
		{2C5D3803-E43F-44E7-B40B-27C0A70D28E2}.Debug|Any CPU.Build.0 = Debug|Any CPU
		{2C5D3803-E43F-44E7-B40B-27C0A70D28E2}.Release|Any CPU.ActiveCfg = Release|Any CPU
		{2C5D3803-E43F-44E7-B40B-27C0A70D28E2}.Release|Any CPU.Build.0 = Release|Any CPU
		{D3A20E83-D243-4970-84C0-D0E4083FCC0C}.Debug|Any CPU.ActiveCfg = Debug|Any CPU
		{D3A20E83-D243-4970-84C0-D0E4083FCC0C}.Debug|Any CPU.Build.0 = Debug|Any CPU
		{D3A20E83-D243-4970-84C0-D0E4083FCC0C}.Release|Any CPU.ActiveCfg = Release|Any CPU
		{D3A20E83-D243-4970-84C0-D0E4083FCC0C}.Release|Any CPU.Build.0 = Release|Any CPU
	EndGlobalSection
	GlobalSection(SolutionProperties) = preSolution
		HideSolutionNode = FALSE
	EndGlobalSection
EndGlobal
